
Microsoft Visual Studio Solution File, Format Version 12.00
# Visual Studio Version 16
VisualStudioVersion = 16.0.29613.14
MinimumVisualStudioVersion = 10.0.40219.1
Project("{FAE04EC0-301F-11D3-BF4B-00C04F79EFBC}") = "RiskIdent.WebService", "RiskIdent.WebService\RiskIdent.WebService.csproj", "{58D4602A-9027-412B-A3C7-7E2BA4448190}"
EndProject
Global
	GlobalSection(SolutionConfigurationPlatforms) = preSolution
		Debug|Any CPU = Debug|Any CPU
		Release|Any CPU = Release|Any CPU
	EndGlobalSection
	GlobalSection(ProjectConfigurationPlatforms) = postSolution
		{58D4602A-9027-412B-A3C7-7E2BA4448190}.Debug|Any CPU.ActiveCfg = Debug|Any CPU
		{58D4602A-9027-412B-A3C7-7E2BA4448190}.Debug|Any CPU.Build.0 = Debug|Any CPU
		{58D4602A-9027-412B-A3C7-7E2BA4448190}.Release|Any CPU.ActiveCfg = Release|Any CPU
		{58D4602A-9027-412B-A3C7-7E2BA4448190}.Release|Any CPU.Build.0 = Release|Any CPU
	EndGlobalSection
	GlobalSection(SolutionProperties) = preSolution
		HideSolutionNode = FALSE
	EndGlobalSection
	GlobalSection(ExtensibilityGlobals) = postSolution
		SolutionGuid = {19B56CAB-1A02-4AE4-9096-83CA3A1EE39F}
	EndGlobalSection
EndGlobal
